
Microsoft Visual Studio Solution File, Format Version 12.00
# Visual Studio 14
VisualStudioVersion = 14.0.25420.1
MinimumVisualStudioVersion = 10.0.40219.1
Project("{FAE04EC0-301F-11D3-BF4B-00C04F79EFBC}") = "SimpleIoC", "SimpleIoC.csproj", "{22C2CD6F-F537-4F97-9A43-10A65FDE01AA}"
EndProject
Project("{FAE04EC0-301F-11D3-BF4B-00C04F79EFBC}") = "SimpleIoC.CrossTests", "..\SimpleIoC.CrossTests\SimpleIoC.CrossTests\SimpleIoC.CrossTests.csproj", "{5F344C15-1AD2-4DB9-99D9-DDAE30AE3854}"
EndProject
Project("{FAE04EC0-301F-11D3-BF4B-00C04F79EFBC}") = "SimpleIoC.CrossTests.Droid", "..\SimpleIoC.CrossTests\SimpleIoC.CrossTests.Droid\SimpleIoC.CrossTests.Droid.csproj", "{C8F6CAF2-F412-4D32-B036-5EE47F2D596C}"
EndProject
Project("{FAE04EC0-301F-11D3-BF4B-00C04F79EFBC}") = "SimpleIoC.CrossTests.iOS", "..\SimpleIoC.CrossTests\SimpleIoC.CrossTests.iOS\SimpleIoC.CrossTests.iOS.csproj", "{BF7E0169-6292-43BE-B4A1-25A13B3BBDC5}"
EndProject
Project("{FAE04EC0-301F-11D3-BF4B-00C04F79EFBC}") = "SimpleIoC.Win8Tests", "..\SimpleIoC.Win8Tests\SimpleIoC.Win8Tests.csproj", "{8125F42F-584C-4318-BC0E-7D2DE81BF1DA}"
EndProject
Global
	GlobalSection(SolutionConfigurationPlatforms) = preSolution
		Ad-Hoc|Any CPU = Ad-Hoc|Any CPU
		Ad-Hoc|ARM = Ad-Hoc|ARM
		Ad-Hoc|iPhone = Ad-Hoc|iPhone
		Ad-Hoc|iPhoneSimulator = Ad-Hoc|iPhoneSimulator
		Ad-Hoc|x64 = Ad-Hoc|x64
		Ad-Hoc|x86 = Ad-Hoc|x86
		AppStore|Any CPU = AppStore|Any CPU
		AppStore|ARM = AppStore|ARM
		AppStore|iPhone = AppStore|iPhone
		AppStore|iPhoneSimulator = AppStore|iPhoneSimulator
		AppStore|x64 = AppStore|x64
		AppStore|x86 = AppStore|x86
		Debug|Any CPU = Debug|Any CPU
		Debug|ARM = Debug|ARM
		Debug|iPhone = Debug|iPhone
		Debug|iPhoneSimulator = Debug|iPhoneSimulator
		Debug|x64 = Debug|x64
		Debug|x86 = Debug|x86
		Release|Any CPU = Release|Any CPU
		Release|ARM = Release|ARM
		Release|iPhone = Release|iPhone
		Release|iPhoneSimulator = Release|iPhoneSimulator
		Release|x64 = Release|x64
		Release|x86 = Release|x86
	EndGlobalSection
	GlobalSection(ProjectConfigurationPlatforms) = postSolution
		{22C2CD6F-F537-4F97-9A43-10A65FDE01AA}.Ad-Hoc|Any CPU.ActiveCfg = Release|Any CPU
		{22C2CD6F-F537-4F97-9A43-10A65FDE01AA}.Ad-Hoc|Any CPU.Build.0 = Release|Any CPU
		{22C2CD6F-F537-4F97-9A43-10A65FDE01AA}.Ad-Hoc|ARM.ActiveCfg = Release|Any CPU
		{22C2CD6F-F537-4F97-9A43-10A65FDE01AA}.Ad-Hoc|ARM.Build.0 = Release|Any CPU
		{22C2CD6F-F537-4F97-9A43-10A65FDE01AA}.Ad-Hoc|iPhone.ActiveCfg = Release|Any CPU
		{22C2CD6F-F537-4F97-9A43-10A65FDE01AA}.Ad-Hoc|iPhone.Build.0 = Release|Any CPU
		{22C2CD6F-F537-4F97-9A43-10A65FDE01AA}.Ad-Hoc|iPhoneSimulator.ActiveCfg = Release|Any CPU
		{22C2CD6F-F537-4F97-9A43-10A65FDE01AA}.Ad-Hoc|iPhoneSimulator.Build.0 = Release|Any CPU
		{22C2CD6F-F537-4F97-9A43-10A65FDE01AA}.Ad-Hoc|x64.ActiveCfg = Release|Any CPU
		{22C2CD6F-F537-4F97-9A43-10A65FDE01AA}.Ad-Hoc|x64.Build.0 = Release|Any CPU
		{22C2CD6F-F537-4F97-9A43-10A65FDE01AA}.Ad-Hoc|x86.ActiveCfg = Release|Any CPU
		{22C2CD6F-F537-4F97-9A43-10A65FDE01AA}.Ad-Hoc|x86.Build.0 = Release|Any CPU
		{22C2CD6F-F537-4F97-9A43-10A65FDE01AA}.AppStore|Any CPU.ActiveCfg = Release|Any CPU
		{22C2CD6F-F537-4F97-9A43-10A65FDE01AA}.AppStore|Any CPU.Build.0 = Release|Any CPU
		{22C2CD6F-F537-4F97-9A43-10A65FDE01AA}.AppStore|ARM.ActiveCfg = Release|Any CPU
		{22C2CD6F-F537-4F97-9A43-10A65FDE01AA}.AppStore|ARM.Build.0 = Release|Any CPU
		{22C2CD6F-F537-4F97-9A43-10A65FDE01AA}.AppStore|iPhone.ActiveCfg = Release|Any CPU
		{22C2CD6F-F537-4F97-9A43-10A65FDE01AA}.AppStore|iPhone.Build.0 = Release|Any CPU
		{22C2CD6F-F537-4F97-9A43-10A65FDE01AA}.AppStore|iPhoneSimulator.ActiveCfg = Release|Any CPU
		{22C2CD6F-F537-4F97-9A43-10A65FDE01AA}.AppStore|iPhoneSimulator.Build.0 = Release|Any CPU
		{22C2CD6F-F537-4F97-9A43-10A65FDE01AA}.AppStore|x64.ActiveCfg = Release|Any CPU
		{22C2CD6F-F537-4F97-9A43-10A65FDE01AA}.AppStore|x64.Build.0 = Release|Any CPU
		{22C2CD6F-F537-4F97-9A43-10A65FDE01AA}.AppStore|x86.ActiveCfg = Release|Any CPU
		{22C2CD6F-F537-4F97-9A43-10A65FDE01AA}.AppStore|x86.Build.0 = Release|Any CPU
		{22C2CD6F-F537-4F97-9A43-10A65FDE01AA}.Debug|Any CPU.ActiveCfg = Debug|Any CPU
		{22C2CD6F-F537-4F97-9A43-10A65FDE01AA}.Debug|Any CPU.Build.0 = Debug|Any CPU
		{22C2CD6F-F537-4F97-9A43-10A65FDE01AA}.Debug|ARM.ActiveCfg = Debug|Any CPU
		{22C2CD6F-F537-4F97-9A43-10A65FDE01AA}.Debug|ARM.Build.0 = Debug|Any CPU
		{22C2CD6F-F537-4F97-9A43-10A65FDE01AA}.Debug|iPhone.ActiveCfg = Debug|Any CPU
		{22C2CD6F-F537-4F97-9A43-10A65FDE01AA}.Debug|iPhone.Build.0 = Debug|Any CPU
		{22C2CD6F-F537-4F97-9A43-10A65FDE01AA}.Debug|iPhoneSimulator.ActiveCfg = Debug|Any CPU
		{22C2CD6F-F537-4F97-9A43-10A65FDE01AA}.Debug|iPhoneSimulator.Build.0 = Debug|Any CPU
		{22C2CD6F-F537-4F97-9A43-10A65FDE01AA}.Debug|x64.ActiveCfg = Debug|Any CPU
		{22C2CD6F-F537-4F97-9A43-10A65FDE01AA}.Debug|x64.Build.0 = Debug|Any CPU
		{22C2CD6F-F537-4F97-9A43-10A65FDE01AA}.Debug|x86.ActiveCfg = Debug|Any CPU
		{22C2CD6F-F537-4F97-9A43-10A65FDE01AA}.Debug|x86.Build.0 = Debug|Any CPU
		{22C2CD6F-F537-4F97-9A43-10A65FDE01AA}.Release|Any CPU.ActiveCfg = Release|Any CPU
		{22C2CD6F-F537-4F97-9A43-10A65FDE01AA}.Release|Any CPU.Build.0 = Release|Any CPU
		{22C2CD6F-F537-4F97-9A43-10A65FDE01AA}.Release|ARM.ActiveCfg = Release|Any CPU
		{22C2CD6F-F537-4F97-9A43-10A65FDE01AA}.Release|ARM.Build.0 = Release|Any CPU
		{22C2CD6F-F537-4F97-9A43-10A65FDE01AA}.Release|iPhone.ActiveCfg = Release|Any CPU
		{22C2CD6F-F537-4F97-9A43-10A65FDE01AA}.Release|iPhone.Build.0 = Release|Any CPU
		{22C2CD6F-F537-4F97-9A43-10A65FDE01AA}.Release|iPhoneSimulator.ActiveCfg = Release|Any CPU
		{22C2CD6F-F537-4F97-9A43-10A65FDE01AA}.Release|iPhoneSimulator.Build.0 = Release|Any CPU
		{22C2CD6F-F537-4F97-9A43-10A65FDE01AA}.Release|x64.ActiveCfg = Release|Any CPU
		{22C2CD6F-F537-4F97-9A43-10A65FDE01AA}.Release|x64.Build.0 = Release|Any CPU
		{22C2CD6F-F537-4F97-9A43-10A65FDE01AA}.Release|x86.ActiveCfg = Release|Any CPU
		{22C2CD6F-F537-4F97-9A43-10A65FDE01AA}.Release|x86.Build.0 = Release|Any CPU
		{5F344C15-1AD2-4DB9-99D9-DDAE30AE3854}.Ad-Hoc|Any CPU.ActiveCfg = Release|Any CPU
		{5F344C15-1AD2-4DB9-99D9-DDAE30AE3854}.Ad-Hoc|Any CPU.Build.0 = Release|Any CPU
		{5F344C15-1AD2-4DB9-99D9-DDAE30AE3854}.Ad-Hoc|ARM.ActiveCfg = Release|Any CPU
		{5F344C15-1AD2-4DB9-99D9-DDAE30AE3854}.Ad-Hoc|ARM.Build.0 = Release|Any CPU
		{5F344C15-1AD2-4DB9-99D9-DDAE30AE3854}.Ad-Hoc|iPhone.ActiveCfg = Release|Any CPU
		{5F344C15-1AD2-4DB9-99D9-DDAE30AE3854}.Ad-Hoc|iPhone.Build.0 = Release|Any CPU
		{5F344C15-1AD2-4DB9-99D9-DDAE30AE3854}.Ad-Hoc|iPhoneSimulator.ActiveCfg = Release|Any CPU
		{5F344C15-1AD2-4DB9-99D9-DDAE30AE3854}.Ad-Hoc|iPhoneSimulator.Build.0 = Release|Any CPU
		{5F344C15-1AD2-4DB9-99D9-DDAE30AE3854}.Ad-Hoc|x64.ActiveCfg = Release|Any CPU
		{5F344C15-1AD2-4DB9-99D9-DDAE30AE3854}.Ad-Hoc|x64.Build.0 = Release|Any CPU
		{5F344C15-1AD2-4DB9-99D9-DDAE30AE3854}.Ad-Hoc|x86.ActiveCfg = Release|Any CPU
		{5F344C15-1AD2-4DB9-99D9-DDAE30AE3854}.Ad-Hoc|x86.Build.0 = Release|Any CPU
		{5F344C15-1AD2-4DB9-99D9-DDAE30AE3854}.AppStore|Any CPU.ActiveCfg = Release|Any CPU
		{5F344C15-1AD2-4DB9-99D9-DDAE30AE3854}.AppStore|Any CPU.Build.0 = Release|Any CPU
		{5F344C15-1AD2-4DB9-99D9-DDAE30AE3854}.AppStore|ARM.ActiveCfg = Release|Any CPU
		{5F344C15-1AD2-4DB9-99D9-DDAE30AE3854}.AppStore|ARM.Build.0 = Release|Any CPU
		{5F344C15-1AD2-4DB9-99D9-DDAE30AE3854}.AppStore|iPhone.ActiveCfg = Release|Any CPU
		{5F344C15-1AD2-4DB9-99D9-DDAE30AE3854}.AppStore|iPhone.Build.0 = Release|Any CPU
		{5F344C15-1AD2-4DB9-99D9-DDAE30AE3854}.AppStore|iPhoneSimulator.ActiveCfg = Release|Any CPU
		{5F344C15-1AD2-4DB9-99D9-DDAE30AE3854}.AppStore|iPhoneSimulator.Build.0 = Release|Any CPU
		{5F344C15-1AD2-4DB9-99D9-DDAE30AE3854}.AppStore|x64.ActiveCfg = Release|Any CPU
		{5F344C15-1AD2-4DB9-99D9-DDAE30AE3854}.AppStore|x64.Build.0 = Release|Any CPU
		{5F344C15-1AD2-4DB9-99D9-DDAE30AE3854}.AppStore|x86.ActiveCfg = Release|Any CPU
		{5F344C15-1AD2-4DB9-99D9-DDAE30AE3854}.AppStore|x86.Build.0 = Release|Any CPU
		{5F344C15-1AD2-4DB9-99D9-DDAE30AE3854}.Debug|Any CPU.ActiveCfg = Debug|Any CPU
		{5F344C15-1AD2-4DB9-99D9-DDAE30AE3854}.Debug|Any CPU.Build.0 = Debug|Any CPU
		{5F344C15-1AD2-4DB9-99D9-DDAE30AE3854}.Debug|ARM.ActiveCfg = Debug|Any CPU
		{5F344C15-1AD2-4DB9-99D9-DDAE30AE3854}.Debug|ARM.Build.0 = Debug|Any CPU
		{5F344C15-1AD2-4DB9-99D9-DDAE30AE3854}.Debug|iPhone.ActiveCfg = Debug|Any CPU
		{5F344C15-1AD2-4DB9-99D9-DDAE30AE3854}.Debug|iPhone.Build.0 = Debug|Any CPU
		{5F344C15-1AD2-4DB9-99D9-DDAE30AE3854}.Debug|iPhoneSimulator.ActiveCfg = Debug|Any CPU
		{5F344C15-1AD2-4DB9-99D9-DDAE30AE3854}.Debug|iPhoneSimulator.Build.0 = Debug|Any CPU
		{5F344C15-1AD2-4DB9-99D9-DDAE30AE3854}.Debug|x64.ActiveCfg = Debug|Any CPU
		{5F344C15-1AD2-4DB9-99D9-DDAE30AE3854}.Debug|x64.Build.0 = Debug|Any CPU
		{5F344C15-1AD2-4DB9-99D9-DDAE30AE3854}.Debug|x86.ActiveCfg = Debug|Any CPU
		{5F344C15-1AD2-4DB9-99D9-DDAE30AE3854}.Debug|x86.Build.0 = Debug|Any CPU
		{5F344C15-1AD2-4DB9-99D9-DDAE30AE3854}.Release|Any CPU.ActiveCfg = Release|Any CPU
		{5F344C15-1AD2-4DB9-99D9-DDAE30AE3854}.Release|Any CPU.Build.0 = Release|Any CPU
		{5F344C15-1AD2-4DB9-99D9-DDAE30AE3854}.Release|ARM.ActiveCfg = Release|Any CPU
		{5F344C15-1AD2-4DB9-99D9-DDAE30AE3854}.Release|ARM.Build.0 = Release|Any CPU
		{5F344C15-1AD2-4DB9-99D9-DDAE30AE3854}.Release|iPhone.ActiveCfg = Release|Any CPU
		{5F344C15-1AD2-4DB9-99D9-DDAE30AE3854}.Release|iPhone.Build.0 = Release|Any CPU
		{5F344C15-1AD2-4DB9-99D9-DDAE30AE3854}.Release|iPhoneSimulator.ActiveCfg = Release|Any CPU
		{5F344C15-1AD2-4DB9-99D9-DDAE30AE3854}.Release|iPhoneSimulator.Build.0 = Release|Any CPU
		{5F344C15-1AD2-4DB9-99D9-DDAE30AE3854}.Release|x64.ActiveCfg = Release|Any CPU
		{5F344C15-1AD2-4DB9-99D9-DDAE30AE3854}.Release|x64.Build.0 = Release|Any CPU
		{5F344C15-1AD2-4DB9-99D9-DDAE30AE3854}.Release|x86.ActiveCfg = Release|Any CPU
		{5F344C15-1AD2-4DB9-99D9-DDAE30AE3854}.Release|x86.Build.0 = Release|Any CPU
		{C8F6CAF2-F412-4D32-B036-5EE47F2D596C}.Ad-Hoc|Any CPU.ActiveCfg = Release|Any CPU
		{C8F6CAF2-F412-4D32-B036-5EE47F2D596C}.Ad-Hoc|Any CPU.Build.0 = Release|Any CPU
		{C8F6CAF2-F412-4D32-B036-5EE47F2D596C}.Ad-Hoc|Any CPU.Deploy.0 = Release|Any CPU
		{C8F6CAF2-F412-4D32-B036-5EE47F2D596C}.Ad-Hoc|ARM.ActiveCfg = Release|Any CPU
		{C8F6CAF2-F412-4D32-B036-5EE47F2D596C}.Ad-Hoc|ARM.Build.0 = Release|Any CPU
		{C8F6CAF2-F412-4D32-B036-5EE47F2D596C}.Ad-Hoc|ARM.Deploy.0 = Release|Any CPU
		{C8F6CAF2-F412-4D32-B036-5EE47F2D596C}.Ad-Hoc|iPhone.ActiveCfg = Release|Any CPU
		{C8F6CAF2-F412-4D32-B036-5EE47F2D596C}.Ad-Hoc|iPhone.Build.0 = Release|Any CPU
		{C8F6CAF2-F412-4D32-B036-5EE47F2D596C}.Ad-Hoc|iPhone.Deploy.0 = Release|Any CPU
		{C8F6CAF2-F412-4D32-B036-5EE47F2D596C}.Ad-Hoc|iPhoneSimulator.ActiveCfg = Release|Any CPU
		{C8F6CAF2-F412-4D32-B036-5EE47F2D596C}.Ad-Hoc|iPhoneSimulator.Build.0 = Release|Any CPU
		{C8F6CAF2-F412-4D32-B036-5EE47F2D596C}.Ad-Hoc|iPhoneSimulator.Deploy.0 = Release|Any CPU
		{C8F6CAF2-F412-4D32-B036-5EE47F2D596C}.Ad-Hoc|x64.ActiveCfg = Release|Any CPU
		{C8F6CAF2-F412-4D32-B036-5EE47F2D596C}.Ad-Hoc|x64.Build.0 = Release|Any CPU
		{C8F6CAF2-F412-4D32-B036-5EE47F2D596C}.Ad-Hoc|x64.Deploy.0 = Release|Any CPU
		{C8F6CAF2-F412-4D32-B036-5EE47F2D596C}.Ad-Hoc|x86.ActiveCfg = Release|Any CPU
		{C8F6CAF2-F412-4D32-B036-5EE47F2D596C}.Ad-Hoc|x86.Build.0 = Release|Any CPU
		{C8F6CAF2-F412-4D32-B036-5EE47F2D596C}.Ad-Hoc|x86.Deploy.0 = Release|Any CPU
		{C8F6CAF2-F412-4D32-B036-5EE47F2D596C}.AppStore|Any CPU.ActiveCfg = Release|Any CPU
		{C8F6CAF2-F412-4D32-B036-5EE47F2D596C}.AppStore|Any CPU.Build.0 = Release|Any CPU
		{C8F6CAF2-F412-4D32-B036-5EE47F2D596C}.AppStore|Any CPU.Deploy.0 = Release|Any CPU
		{C8F6CAF2-F412-4D32-B036-5EE47F2D596C}.AppStore|ARM.ActiveCfg = Release|Any CPU
		{C8F6CAF2-F412-4D32-B036-5EE47F2D596C}.AppStore|ARM.Build.0 = Release|Any CPU
		{C8F6CAF2-F412-4D32-B036-5EE47F2D596C}.AppStore|ARM.Deploy.0 = Release|Any CPU
		{C8F6CAF2-F412-4D32-B036-5EE47F2D596C}.AppStore|iPhone.ActiveCfg = Release|Any CPU
		{C8F6CAF2-F412-4D32-B036-5EE47F2D596C}.AppStore|iPhone.Build.0 = Release|Any CPU
		{C8F6CAF2-F412-4D32-B036-5EE47F2D596C}.AppStore|iPhone.Deploy.0 = Release|Any CPU
		{C8F6CAF2-F412-4D32-B036-5EE47F2D596C}.AppStore|iPhoneSimulator.ActiveCfg = Release|Any CPU
		{C8F6CAF2-F412-4D32-B036-5EE47F2D596C}.AppStore|iPhoneSimulator.Build.0 = Release|Any CPU
		{C8F6CAF2-F412-4D32-B036-5EE47F2D596C}.AppStore|iPhoneSimulator.Deploy.0 = Release|Any CPU
		{C8F6CAF2-F412-4D32-B036-5EE47F2D596C}.AppStore|x64.ActiveCfg = Release|Any CPU
		{C8F6CAF2-F412-4D32-B036-5EE47F2D596C}.AppStore|x64.Build.0 = Release|Any CPU
		{C8F6CAF2-F412-4D32-B036-5EE47F2D596C}.AppStore|x64.Deploy.0 = Release|Any CPU
		{C8F6CAF2-F412-4D32-B036-5EE47F2D596C}.AppStore|x86.ActiveCfg = Release|Any CPU
		{C8F6CAF2-F412-4D32-B036-5EE47F2D596C}.AppStore|x86.Build.0 = Release|Any CPU
		{C8F6CAF2-F412-4D32-B036-5EE47F2D596C}.AppStore|x86.Deploy.0 = Release|Any CPU
		{C8F6CAF2-F412-4D32-B036-5EE47F2D596C}.Debug|Any CPU.ActiveCfg = Debug|Any CPU
		{C8F6CAF2-F412-4D32-B036-5EE47F2D596C}.Debug|Any CPU.Build.0 = Debug|Any CPU
		{C8F6CAF2-F412-4D32-B036-5EE47F2D596C}.Debug|Any CPU.Deploy.0 = Debug|Any CPU
		{C8F6CAF2-F412-4D32-B036-5EE47F2D596C}.Debug|ARM.ActiveCfg = Debug|Any CPU
		{C8F6CAF2-F412-4D32-B036-5EE47F2D596C}.Debug|ARM.Build.0 = Debug|Any CPU
		{C8F6CAF2-F412-4D32-B036-5EE47F2D596C}.Debug|ARM.Deploy.0 = Debug|Any CPU
		{C8F6CAF2-F412-4D32-B036-5EE47F2D596C}.Debug|iPhone.ActiveCfg = Debug|Any CPU
		{C8F6CAF2-F412-4D32-B036-5EE47F2D596C}.Debug|iPhone.Build.0 = Debug|Any CPU
		{C8F6CAF2-F412-4D32-B036-5EE47F2D596C}.Debug|iPhone.Deploy.0 = Debug|Any CPU
		{C8F6CAF2-F412-4D32-B036-5EE47F2D596C}.Debug|iPhoneSimulator.ActiveCfg = Debug|Any CPU
		{C8F6CAF2-F412-4D32-B036-5EE47F2D596C}.Debug|iPhoneSimulator.Build.0 = Debug|Any CPU
		{C8F6CAF2-F412-4D32-B036-5EE47F2D596C}.Debug|iPhoneSimulator.Deploy.0 = Debug|Any CPU
		{C8F6CAF2-F412-4D32-B036-5EE47F2D596C}.Debug|x64.ActiveCfg = Debug|Any CPU
		{C8F6CAF2-F412-4D32-B036-5EE47F2D596C}.Debug|x64.Build.0 = Debug|Any CPU
		{C8F6CAF2-F412-4D32-B036-5EE47F2D596C}.Debug|x64.Deploy.0 = Debug|Any CPU
		{C8F6CAF2-F412-4D32-B036-5EE47F2D596C}.Debug|x86.ActiveCfg = Debug|Any CPU
		{C8F6CAF2-F412-4D32-B036-5EE47F2D596C}.Debug|x86.Build.0 = Debug|Any CPU
		{C8F6CAF2-F412-4D32-B036-5EE47F2D596C}.Debug|x86.Deploy.0 = Debug|Any CPU
		{C8F6CAF2-F412-4D32-B036-5EE47F2D596C}.Release|Any CPU.ActiveCfg = Release|Any CPU
		{C8F6CAF2-F412-4D32-B036-5EE47F2D596C}.Release|Any CPU.Build.0 = Release|Any CPU
		{C8F6CAF2-F412-4D32-B036-5EE47F2D596C}.Release|Any CPU.Deploy.0 = Release|Any CPU
		{C8F6CAF2-F412-4D32-B036-5EE47F2D596C}.Release|ARM.ActiveCfg = Release|Any CPU
		{C8F6CAF2-F412-4D32-B036-5EE47F2D596C}.Release|ARM.Build.0 = Release|Any CPU
		{C8F6CAF2-F412-4D32-B036-5EE47F2D596C}.Release|ARM.Deploy.0 = Release|Any CPU
		{C8F6CAF2-F412-4D32-B036-5EE47F2D596C}.Release|iPhone.ActiveCfg = Release|Any CPU
		{C8F6CAF2-F412-4D32-B036-5EE47F2D596C}.Release|iPhone.Build.0 = Release|Any CPU
		{C8F6CAF2-F412-4D32-B036-5EE47F2D596C}.Release|iPhone.Deploy.0 = Release|Any CPU
		{C8F6CAF2-F412-4D32-B036-5EE47F2D596C}.Release|iPhoneSimulator.ActiveCfg = Release|Any CPU
		{C8F6CAF2-F412-4D32-B036-5EE47F2D596C}.Release|iPhoneSimulator.Build.0 = Release|Any CPU
		{C8F6CAF2-F412-4D32-B036-5EE47F2D596C}.Release|iPhoneSimulator.Deploy.0 = Release|Any CPU
		{C8F6CAF2-F412-4D32-B036-5EE47F2D596C}.Release|x64.ActiveCfg = Release|Any CPU
		{C8F6CAF2-F412-4D32-B036-5EE47F2D596C}.Release|x64.Build.0 = Release|Any CPU
		{C8F6CAF2-F412-4D32-B036-5EE47F2D596C}.Release|x64.Deploy.0 = Release|Any CPU
		{C8F6CAF2-F412-4D32-B036-5EE47F2D596C}.Release|x86.ActiveCfg = Release|Any CPU
		{C8F6CAF2-F412-4D32-B036-5EE47F2D596C}.Release|x86.Build.0 = Release|Any CPU
		{C8F6CAF2-F412-4D32-B036-5EE47F2D596C}.Release|x86.Deploy.0 = Release|Any CPU
		{BF7E0169-6292-43BE-B4A1-25A13B3BBDC5}.Ad-Hoc|Any CPU.ActiveCfg = Ad-Hoc|iPhone
		{BF7E0169-6292-43BE-B4A1-25A13B3BBDC5}.Ad-Hoc|ARM.ActiveCfg = Ad-Hoc|iPhone
		{BF7E0169-6292-43BE-B4A1-25A13B3BBDC5}.Ad-Hoc|iPhone.ActiveCfg = Ad-Hoc|iPhone
		{BF7E0169-6292-43BE-B4A1-25A13B3BBDC5}.Ad-Hoc|iPhone.Build.0 = Ad-Hoc|iPhone
		{BF7E0169-6292-43BE-B4A1-25A13B3BBDC5}.Ad-Hoc|iPhoneSimulator.ActiveCfg = Ad-Hoc|iPhoneSimulator
		{BF7E0169-6292-43BE-B4A1-25A13B3BBDC5}.Ad-Hoc|iPhoneSimulator.Build.0 = Ad-Hoc|iPhoneSimulator
		{BF7E0169-6292-43BE-B4A1-25A13B3BBDC5}.Ad-Hoc|x64.ActiveCfg = Ad-Hoc|iPhone
		{BF7E0169-6292-43BE-B4A1-25A13B3BBDC5}.Ad-Hoc|x86.ActiveCfg = Ad-Hoc|iPhone
		{BF7E0169-6292-43BE-B4A1-25A13B3BBDC5}.AppStore|Any CPU.ActiveCfg = AppStore|iPhone
		{BF7E0169-6292-43BE-B4A1-25A13B3BBDC5}.AppStore|ARM.ActiveCfg = AppStore|iPhone
		{BF7E0169-6292-43BE-B4A1-25A13B3BBDC5}.AppStore|iPhone.ActiveCfg = AppStore|iPhone
		{BF7E0169-6292-43BE-B4A1-25A13B3BBDC5}.AppStore|iPhone.Build.0 = AppStore|iPhone
		{BF7E0169-6292-43BE-B4A1-25A13B3BBDC5}.AppStore|iPhoneSimulator.ActiveCfg = AppStore|iPhoneSimulator
		{BF7E0169-6292-43BE-B4A1-25A13B3BBDC5}.AppStore|iPhoneSimulator.Build.0 = AppStore|iPhoneSimulator
		{BF7E0169-6292-43BE-B4A1-25A13B3BBDC5}.AppStore|x64.ActiveCfg = AppStore|iPhone
		{BF7E0169-6292-43BE-B4A1-25A13B3BBDC5}.AppStore|x86.ActiveCfg = AppStore|iPhone
		{BF7E0169-6292-43BE-B4A1-25A13B3BBDC5}.Debug|Any CPU.ActiveCfg = Debug|iPhone
		{BF7E0169-6292-43BE-B4A1-25A13B3BBDC5}.Debug|ARM.ActiveCfg = Debug|iPhone
		{BF7E0169-6292-43BE-B4A1-25A13B3BBDC5}.Debug|iPhone.ActiveCfg = Debug|iPhone
		{BF7E0169-6292-43BE-B4A1-25A13B3BBDC5}.Debug|iPhone.Build.0 = Debug|iPhone
		{BF7E0169-6292-43BE-B4A1-25A13B3BBDC5}.Debug|iPhoneSimulator.ActiveCfg = Debug|iPhoneSimulator
		{BF7E0169-6292-43BE-B4A1-25A13B3BBDC5}.Debug|iPhoneSimulator.Build.0 = Debug|iPhoneSimulator
		{BF7E0169-6292-43BE-B4A1-25A13B3BBDC5}.Debug|x64.ActiveCfg = Debug|iPhone
		{BF7E0169-6292-43BE-B4A1-25A13B3BBDC5}.Debug|x86.ActiveCfg = Debug|iPhone
		{BF7E0169-6292-43BE-B4A1-25A13B3BBDC5}.Release|Any CPU.ActiveCfg = Release|iPhone
		{BF7E0169-6292-43BE-B4A1-25A13B3BBDC5}.Release|ARM.ActiveCfg = Release|iPhone
		{BF7E0169-6292-43BE-B4A1-25A13B3BBDC5}.Release|iPhone.ActiveCfg = Release|iPhone
		{BF7E0169-6292-43BE-B4A1-25A13B3BBDC5}.Release|iPhone.Build.0 = Release|iPhone
		{BF7E0169-6292-43BE-B4A1-25A13B3BBDC5}.Release|iPhoneSimulator.ActiveCfg = Release|iPhoneSimulator
		{BF7E0169-6292-43BE-B4A1-25A13B3BBDC5}.Release|iPhoneSimulator.Build.0 = Release|iPhoneSimulator
		{BF7E0169-6292-43BE-B4A1-25A13B3BBDC5}.Release|x64.ActiveCfg = Release|iPhone
		{BF7E0169-6292-43BE-B4A1-25A13B3BBDC5}.Release|x86.ActiveCfg = Release|iPhone
		{8125F42F-584C-4318-BC0E-7D2DE81BF1DA}.Ad-Hoc|Any CPU.ActiveCfg = Release|Any CPU
		{8125F42F-584C-4318-BC0E-7D2DE81BF1DA}.Ad-Hoc|Any CPU.Build.0 = Release|Any CPU
		{8125F42F-584C-4318-BC0E-7D2DE81BF1DA}.Ad-Hoc|ARM.ActiveCfg = Release|Any CPU
		{8125F42F-584C-4318-BC0E-7D2DE81BF1DA}.Ad-Hoc|ARM.Build.0 = Release|Any CPU
		{8125F42F-584C-4318-BC0E-7D2DE81BF1DA}.Ad-Hoc|iPhone.ActiveCfg = Release|Any CPU
		{8125F42F-584C-4318-BC0E-7D2DE81BF1DA}.Ad-Hoc|iPhone.Build.0 = Release|Any CPU
		{8125F42F-584C-4318-BC0E-7D2DE81BF1DA}.Ad-Hoc|iPhoneSimulator.ActiveCfg = Release|Any CPU
		{8125F42F-584C-4318-BC0E-7D2DE81BF1DA}.Ad-Hoc|iPhoneSimulator.Build.0 = Release|Any CPU
		{8125F42F-584C-4318-BC0E-7D2DE81BF1DA}.Ad-Hoc|x64.ActiveCfg = Release|Any CPU
		{8125F42F-584C-4318-BC0E-7D2DE81BF1DA}.Ad-Hoc|x64.Build.0 = Release|Any CPU
		{8125F42F-584C-4318-BC0E-7D2DE81BF1DA}.Ad-Hoc|x86.ActiveCfg = Release|Any CPU
		{8125F42F-584C-4318-BC0E-7D2DE81BF1DA}.Ad-Hoc|x86.Build.0 = Release|Any CPU
		{8125F42F-584C-4318-BC0E-7D2DE81BF1DA}.AppStore|Any CPU.ActiveCfg = Release|Any CPU
		{8125F42F-584C-4318-BC0E-7D2DE81BF1DA}.AppStore|Any CPU.Build.0 = Release|Any CPU
		{8125F42F-584C-4318-BC0E-7D2DE81BF1DA}.AppStore|ARM.ActiveCfg = Release|Any CPU
		{8125F42F-584C-4318-BC0E-7D2DE81BF1DA}.AppStore|ARM.Build.0 = Release|Any CPU
		{8125F42F-584C-4318-BC0E-7D2DE81BF1DA}.AppStore|iPhone.ActiveCfg = Release|Any CPU
		{8125F42F-584C-4318-BC0E-7D2DE81BF1DA}.AppStore|iPhone.Build.0 = Release|Any CPU
		{8125F42F-584C-4318-BC0E-7D2DE81BF1DA}.AppStore|iPhoneSimulator.ActiveCfg = Release|Any CPU
		{8125F42F-584C-4318-BC0E-7D2DE81BF1DA}.AppStore|iPhoneSimulator.Build.0 = Release|Any CPU
		{8125F42F-584C-4318-BC0E-7D2DE81BF1DA}.AppStore|x64.ActiveCfg = Release|Any CPU
		{8125F42F-584C-4318-BC0E-7D2DE81BF1DA}.AppStore|x64.Build.0 = Release|Any CPU
		{8125F42F-584C-4318-BC0E-7D2DE81BF1DA}.AppStore|x86.ActiveCfg = Release|Any CPU
		{8125F42F-584C-4318-BC0E-7D2DE81BF1DA}.AppStore|x86.Build.0 = Release|Any CPU
		{8125F42F-584C-4318-BC0E-7D2DE81BF1DA}.Debug|Any CPU.ActiveCfg = Debug|Any CPU
		{8125F42F-584C-4318-BC0E-7D2DE81BF1DA}.Debug|Any CPU.Build.0 = Debug|Any CPU
		{8125F42F-584C-4318-BC0E-7D2DE81BF1DA}.Debug|ARM.ActiveCfg = Debug|Any CPU
		{8125F42F-584C-4318-BC0E-7D2DE81BF1DA}.Debug|ARM.Build.0 = Debug|Any CPU
		{8125F42F-584C-4318-BC0E-7D2DE81BF1DA}.Debug|iPhone.ActiveCfg = Debug|Any CPU
		{8125F42F-584C-4318-BC0E-7D2DE81BF1DA}.Debug|iPhone.Build.0 = Debug|Any CPU
		{8125F42F-584C-4318-BC0E-7D2DE81BF1DA}.Debug|iPhoneSimulator.ActiveCfg = Debug|Any CPU
		{8125F42F-584C-4318-BC0E-7D2DE81BF1DA}.Debug|iPhoneSimulator.Build.0 = Debug|Any CPU
		{8125F42F-584C-4318-BC0E-7D2DE81BF1DA}.Debug|x64.ActiveCfg = Debug|Any CPU
		{8125F42F-584C-4318-BC0E-7D2DE81BF1DA}.Debug|x64.Build.0 = Debug|Any CPU
		{8125F42F-584C-4318-BC0E-7D2DE81BF1DA}.Debug|x86.ActiveCfg = Debug|Any CPU
		{8125F42F-584C-4318-BC0E-7D2DE81BF1DA}.Debug|x86.Build.0 = Debug|Any CPU
		{8125F42F-584C-4318-BC0E-7D2DE81BF1DA}.Release|Any CPU.ActiveCfg = Release|Any CPU
		{8125F42F-584C-4318-BC0E-7D2DE81BF1DA}.Release|Any CPU.Build.0 = Release|Any CPU
		{8125F42F-584C-4318-BC0E-7D2DE81BF1DA}.Release|ARM.ActiveCfg = Release|Any CPU
		{8125F42F-584C-4318-BC0E-7D2DE81BF1DA}.Release|ARM.Build.0 = Release|Any CPU
		{8125F42F-584C-4318-BC0E-7D2DE81BF1DA}.Release|iPhone.ActiveCfg = Release|Any CPU
		{8125F42F-584C-4318-BC0E-7D2DE81BF1DA}.Release|iPhone.Build.0 = Release|Any CPU
		{8125F42F-584C-4318-BC0E-7D2DE81BF1DA}.Release|iPhoneSimulator.ActiveCfg = Release|Any CPU
		{8125F42F-584C-4318-BC0E-7D2DE81BF1DA}.Release|iPhoneSimulator.Build.0 = Release|Any CPU
		{8125F42F-584C-4318-BC0E-7D2DE81BF1DA}.Release|x64.ActiveCfg = Release|Any CPU
		{8125F42F-584C-4318-BC0E-7D2DE81BF1DA}.Release|x64.Build.0 = Release|Any CPU
		{8125F42F-584C-4318-BC0E-7D2DE81BF1DA}.Release|x86.ActiveCfg = Release|Any CPU
		{8125F42F-584C-4318-BC0E-7D2DE81BF1DA}.Release|x86.Build.0 = Release|Any CPU
	EndGlobalSection
	GlobalSection(SolutionProperties) = preSolution
		HideSolutionNode = FALSE
	EndGlobalSection
EndGlobal
